
Microsoft Visual Studio Solution File, Format Version 12.00
# Visual Studio Version 17
VisualStudioVersion = 17.8.34330.188
MinimumVisualStudioVersion = 10.0.40219.1
Project("{FAE04EC0-301F-11D3-BF4B-00C04F79EFBC}") = "Estructuras", "Estructuras\Estructuras.csproj", "{D65D6AF6-A8BA-4739-8B92-575C24AA958D}"
EndProject
Global
	GlobalSection(SolutionConfigurationPlatforms) = preSolution
		Debug|Any CPU = Debug|Any CPU
		Release|Any CPU = Release|Any CPU
	EndGlobalSection
	GlobalSection(ProjectConfigurationPlatforms) = postSolution
		{D65D6AF6-A8BA-4739-8B92-575C24AA958D}.Debug|Any CPU.ActiveCfg = Debug|Any CPU
		{D65D6AF6-A8BA-4739-8B92-575C24AA958D}.Debug|Any CPU.Build.0 = Debug|Any CPU
		{D65D6AF6-A8BA-4739-8B92-575C24AA958D}.Release|Any CPU.ActiveCfg = Release|Any CPU
		{D65D6AF6-A8BA-4739-8B92-575C24AA958D}.Release|Any CPU.Build.0 = Release|Any CPU
	EndGlobalSection
	GlobalSection(SolutionProperties) = preSolution
		HideSolutionNode = FALSE
	EndGlobalSection
	GlobalSection(ExtensibilityGlobals) = postSolution
		SolutionGuid = {298935FE-699A-4F77-ADBF-180A9F3437B2}
	EndGlobalSection
EndGlobal
